
Microsoft Visual Studio Solution File, Format Version 12.00
# Visual Studio Version 17
VisualStudioVersion = 17.1.32328.378
MinimumVisualStudioVersion = 10.0.40219.1
Project("{FAE04EC0-301F-11D3-BF4B-00C04F79EFBC}") = "Calculadora", "Calculadora.csproj", "{AA5ADCA2-1942-43B8-8323-8F0E797B6EDE}"
EndProject
Global
	GlobalSection(SolutionConfigurationPlatforms) = preSolution
		Debug|Any CPU = Debug|Any CPU
		Release|Any CPU = Release|Any CPU
	EndGlobalSection
	GlobalSection(ProjectConfigurationPlatforms) = postSolution
		{AA5ADCA2-1942-43B8-8323-8F0E797B6EDE}.Debug|Any CPU.ActiveCfg = Debug|Any CPU
		{AA5ADCA2-1942-43B8-8323-8F0E797B6EDE}.Debug|Any CPU.Build.0 = Debug|Any CPU
		{AA5ADCA2-1942-43B8-8323-8F0E797B6EDE}.Release|Any CPU.ActiveCfg = Release|Any CPU
		{AA5ADCA2-1942-43B8-8323-8F0E797B6EDE}.Release|Any CPU.Build.0 = Release|Any CPU
	EndGlobalSection
	GlobalSection(SolutionProperties) = preSolution
		HideSolutionNode = FALSE
	EndGlobalSection
	GlobalSection(ExtensibilityGlobals) = postSolution
		SolutionGuid = {F3A26436-66B9-4988-AD06-C5DC1E278D07}
	EndGlobalSection
EndGlobal
